
Microsoft Visual Studio Solution File, Format Version 12.00
# Visual Studio Version 17
VisualStudioVersion = 17.7.34031.279
MinimumVisualStudioVersion = 10.0.40219.1
Project("{8BC9CEB8-8B4A-11D0-8D11-00A0C91BC942}") = "Interfeisy 06.09", "Interfeisy 06.09\Interfeisy 06.09.vcxproj", "{99DD4215-1903-4AA8-BE5E-A74F37BC0CF3}"
EndProject
Global
	GlobalSection(SolutionConfigurationPlatforms) = preSolution
		Debug|x64 = Debug|x64
		Debug|x86 = Debug|x86
		Release|x64 = Release|x64
		Release|x86 = Release|x86
	EndGlobalSection
	GlobalSection(ProjectConfigurationPlatforms) = postSolution
		{99DD4215-1903-4AA8-BE5E-A74F37BC0CF3}.Debug|x64.ActiveCfg = Debug|x64
		{99DD4215-1903-4AA8-BE5E-A74F37BC0CF3}.Debug|x64.Build.0 = Debug|x64
		{99DD4215-1903-4AA8-BE5E-A74F37BC0CF3}.Debug|x86.ActiveCfg = Debug|Win32
		{99DD4215-1903-4AA8-BE5E-A74F37BC0CF3}.Debug|x86.Build.0 = Debug|Win32
		{99DD4215-1903-4AA8-BE5E-A74F37BC0CF3}.Release|x64.ActiveCfg = Release|x64
		{99DD4215-1903-4AA8-BE5E-A74F37BC0CF3}.Release|x64.Build.0 = Release|x64
		{99DD4215-1903-4AA8-BE5E-A74F37BC0CF3}.Release|x86.ActiveCfg = Release|Win32
		{99DD4215-1903-4AA8-BE5E-A74F37BC0CF3}.Release|x86.Build.0 = Release|Win32
	EndGlobalSection
	GlobalSection(SolutionProperties) = preSolution
		HideSolutionNode = FALSE
	EndGlobalSection
	GlobalSection(ExtensibilityGlobals) = postSolution
		SolutionGuid = {95B71A31-64A9-48B6-8350-BF683433A661}
	EndGlobalSection
EndGlobal
